// !$*UTF8*$!
{
	archiveVersion = 1;
	classes = {
	};
	objectVersion = 56;
	objects = {

/* Begin PBXBuildFile section */
		BA9EB22D2A9CAFF800149C46 /* Assets.xcassets in Resources */ = {isa = PBXBuildFile; fileRef = BA9EB22C2A9CAFF800149C46 /* Assets.xcassets */; };
		BA9EB2302A9CAFF800149C46 /* LaunchScreen.storyboard in Resources */ = {isa = PBXBuildFile; fileRef = BA9EB22E2A9CAFF800149C46 /* LaunchScreen.storyboard */; };
		BA9EB2372A9CDA5900149C46 /* Main.storyboard in Resources */ = {isa = PBXBuildFile; fileRef = BA9EB2362A9CDA5900149C46 /* Main.storyboard */; };
		BA9EB23E2A9CDA6A00149C46 /* SoundPlayer.swift in Sources */ = {isa = PBXBuildFile; fileRef = BA9EB2392A9CDA6A00149C46 /* SoundPlayer.swift */; };
		BA9EB23F2A9CDA6A00149C46 /* UserSavingsService.swift in Sources */ = {isa = PBXBuildFile; fileRef = BA9EB23A2A9CDA6A00149C46 /* UserSavingsService.swift */; };
		BA9EB2402A9CDA6A00149C46 /* Int+withAbbreviations.swift in Sources */ = {isa = PBXBuildFile; fileRef = BA9EB23B2A9CDA6A00149C46 /* Int+withAbbreviations.swift */; };
		BA9EB2412A9CDA6A00149C46 /* ImpactFeedback.swift in Sources */ = {isa = PBXBuildFile; fileRef = BA9EB23C2A9CDA6A00149C46 /* ImpactFeedback.swift */; };
		BA9EB2422A9CDA6A00149C46 /* Double+withAbbreviations.swift in Sources */ = {isa = PBXBuildFile; fileRef = BA9EB23D2A9CDA6A00149C46 /* Double+withAbbreviations.swift */; };
		BA9EB24B2A9CDA7300149C46 /* Inter-Bold.ttf in Resources */ = {isa = PBXBuildFile; fileRef = BA9EB2442A9CDA7300149C46 /* Inter-Bold.ttf */; };
		BA9EB24C2A9CDA7300149C46 /* retro-land-mayhem.ttf in Resources */ = {isa = PBXBuildFile; fileRef = BA9EB2452A9CDA7300149C46 /* retro-land-mayhem.ttf */; };
		BA9EB24D2A9CDA7300149C46 /* Gotham Pro Bold.ttf in Resources */ = {isa = PBXBuildFile; fileRef = BA9EB2462A9CDA7300149C46 /* Gotham Pro Bold.ttf */; };
		BA9EB24E2A9CDA7300149C46 /* background.mp3 in Resources */ = {isa = PBXBuildFile; fileRef = BA9EB2472A9CDA7300149C46 /* background.mp3 */; };
		BA9EB2502A9CDA7300149C46 /* bomb.sks in Resources */ = {isa = PBXBuildFile; fileRef = BA9EB2492A9CDA7300149C46 /* bomb.sks */; };
		BA9EB2552A9CDA8000149C46 /* GameScene.sks in Resources */ = {isa = PBXBuildFile; fileRef = BA9EB2532A9CDA8000149C46 /* GameScene.sks */; };
		BA9EB2562A9CDA8000149C46 /* GameScene.swift in Sources */ = {isa = PBXBuildFile; fileRef = BA9EB2542A9CDA8000149C46 /* GameScene.swift */; };
		BA9EB2582A9CDA8600149C46 /* AppDelegate.swift in Sources */ = {isa = PBXBuildFile; fileRef = BA9EB2572A9CDA8600149C46 /* AppDelegate.swift */; };
		BA9EB2612A9CDA9400149C46 /* ShopView.swift in Sources */ = {isa = PBXBuildFile; fileRef = BA9EB25A2A9CDA9400149C46 /* ShopView.swift */; };
		BA9EB2622A9CDA9400149C46 /* SettingsView.swift in Sources */ = {isa = PBXBuildFile; fileRef = BA9EB25B2A9CDA9400149C46 /* SettingsView.swift */; };
		BA9EB2632A9CDA9400149C46 /* GameViewController.swift in Sources */ = {isa = PBXBuildFile; fileRef = BA9EB25C2A9CDA9400149C46 /* GameViewController.swift */; };
		BA9EB2642A9CDA9400149C46 /* LoaderViewController.swift in Sources */ = {isa = PBXBuildFile; fileRef = BA9EB25D2A9CDA9400149C46 /* LoaderViewController.swift */; };
		BA9EB2652A9CDA9400149C46 /* BonusView.swift in Sources */ = {isa = PBXBuildFile; fileRef = BA9EB25E2A9CDA9400149C46 /* BonusView.swift */; };
		BA9EB2662A9CDA9400149C46 /* GameOverView.swift in Sources */ = {isa = PBXBuildFile; fileRef = BA9EB25F2A9CDA9400149C46 /* GameOverView.swift */; };
		BA9EB2672A9CDA9400149C46 /* MenuView.swift in Sources */ = {isa = PBXBuildFile; fileRef = BA9EB2602A9CDA9400149C46 /* MenuView.swift */; };
		BA9EB2692A9CDAFF00149C46 /* load.json in Resources */ = {isa = PBXBuildFile; fileRef = BA9EB2682A9CDAFF00149C46 /* load.json */; };
		BA9EB26C2A9CDB2400149C46 /* Introspect in Frameworks */ = {isa = PBXBuildFile; productRef = BA9EB26B2A9CDB2400149C46 /* Introspect */; };
		BA9EB26F2A9CDB9A00149C46 /* Lottie in Frameworks */ = {isa = PBXBuildFile; productRef = BA9EB26E2A9CDB9A00149C46 /* Lottie */; };
		BAA517932AAFBE4A0079E300 /* PlayerShopView.swift in Sources */ = {isa = PBXBuildFile; fileRef = BAA517922AAFBE4A0079E300 /* PlayerShopView.swift */; };
		BAB7DA342AB2A119006EC89E /* ShopViewModel.swift in Sources */ = {isa = PBXBuildFile; fileRef = BAB7DA332AB2A119006EC89E /* ShopViewModel.swift */; };
		BAB7DA362AB33E78006EC89E /* Castle.swift in Sources */ = {isa = PBXBuildFile; fileRef = BAB7DA352AB33E78006EC89E /* Castle.swift */; };
		BAC5515B2AAB20370005226E /* JejuHallasan-Regular.ttf in Resources */ = {isa = PBXBuildFile; fileRef = BAC5515A2AAB20370005226E /* JejuHallasan-Regular.ttf */; };
/* End PBXBuildFile section */

/* Begin PBXFileReference section */
		BA9EB21C2A9CAFF600149C46 /* Sultan.app */ = {isa = PBXFileReference; explicitFileType = wrapper.application; includeInIndex = 0; path = Sultan.app; sourceTree = BUILT_PRODUCTS_DIR; };
		BA9EB22C2A9CAFF800149C46 /* Assets.xcassets */ = {isa = PBXFileReference; lastKnownFileType = folder.assetcatalog; path = Assets.xcassets; sourceTree = "<group>"; };
		BA9EB22F2A9CAFF800149C46 /* Base */ = {isa = PBXFileReference; lastKnownFileType = file.storyboard; name = Base; path = Base.lproj/LaunchScreen.storyboard; sourceTree = "<group>"; };
		BA9EB2362A9CDA5900149C46 /* Main.storyboard */ = {isa = PBXFileReference; fileEncoding = 4; lastKnownFileType = file.storyboard; path = Main.storyboard; sourceTree = "<group>"; };
		BA9EB2392A9CDA6A00149C46 /* SoundPlayer.swift */ = {isa = PBXFileReference; fileEncoding = 4; lastKnownFileType = sourcecode.swift; path = SoundPlayer.swift; sourceTree = "<group>"; };
		BA9EB23A2A9CDA6A00149C46 /* UserSavingsService.swift */ = {isa = PBXFileReference; fileEncoding = 4; lastKnownFileType = sourcecode.swift; path = UserSavingsService.swift; sourceTree = "<group>"; };
		BA9EB23B2A9CDA6A00149C46 /* Int+withAbbreviations.swift */ = {isa = PBXFileReference; fileEncoding = 4; lastKnownFileType = sourcecode.swift; path = "Int+withAbbreviations.swift"; sourceTree = "<group>"; };
		BA9EB23C2A9CDA6A00149C46 /* ImpactFeedback.swift */ = {isa = PBXFileReference; fileEncoding = 4; lastKnownFileType = sourcecode.swift; path = ImpactFeedback.swift; sourceTree = "<group>"; };
		BA9EB23D2A9CDA6A00149C46 /* Double+withAbbreviations.swift */ = {isa = PBXFileReference; fileEncoding = 4; lastKnownFileType = sourcecode.swift; path = "Double+withAbbreviations.swift"; sourceTree = "<group>"; };
		BA9EB2442A9CDA7300149C46 /* Inter-Bold.ttf */ = {isa = PBXFileReference; lastKnownFileType = file; path = "Inter-Bold.ttf"; sourceTree = "<group>"; };
		BA9EB2452A9CDA7300149C46 /* retro-land-mayhem.ttf */ = {isa = PBXFileReference; lastKnownFileType = file; path = "retro-land-mayhem.ttf"; sourceTree = "<group>"; };
		BA9EB2462A9CDA7300149C46 /* Gotham Pro Bold.ttf */ = {isa = PBXFileReference; lastKnownFileType = file; path = "Gotham Pro Bold.ttf"; sourceTree = "<group>"; };
		BA9EB2472A9CDA7300149C46 /* background.mp3 */ = {isa = PBXFileReference; lastKnownFileType = audio.mp3; path = background.mp3; sourceTree = "<group>"; };
		BA9EB2492A9CDA7300149C46 /* bomb.sks */ = {isa = PBXFileReference; lastKnownFileType = file.sks; path = bomb.sks; sourceTree = "<group>"; };
		BA9EB2532A9CDA8000149C46 /* GameScene.sks */ = {isa = PBXFileReference; lastKnownFileType = file.sks; path = GameScene.sks; sourceTree = "<group>"; };
		BA9EB2542A9CDA8000149C46 /* GameScene.swift */ = {isa = PBXFileReference; fileEncoding = 4; lastKnownFileType = sourcecode.swift; path = GameScene.swift; sourceTree = "<group>"; };
		BA9EB2572A9CDA8600149C46 /* AppDelegate.swift */ = {isa = PBXFileReference; fileEncoding = 4; lastKnownFileType = sourcecode.swift; path = AppDelegate.swift; sourceTree = "<group>"; };
		BA9EB25A2A9CDA9400149C46 /* ShopView.swift */ = {isa = PBXFileReference; fileEncoding = 4; lastKnownFileType = sourcecode.swift; path = ShopView.swift; sourceTree = "<group>"; };
		BA9EB25B2A9CDA9400149C46 /* SettingsView.swift */ = {isa = PBXFileReference; fileEncoding = 4; lastKnownFileType = sourcecode.swift; path = SettingsView.swift; sourceTree = "<group>"; };
		BA9EB25C2A9CDA9400149C46 /* GameViewController.swift */ = {isa = PBXFileReference; fileEncoding = 4; lastKnownFileType = sourcecode.swift; path = GameViewController.swift; sourceTree = "<group>"; };
		BA9EB25D2A9CDA9400149C46 /* LoaderViewController.swift */ = {isa = PBXFileReference; fileEncoding = 4; lastKnownFileType = sourcecode.swift; path = LoaderViewController.swift; sourceTree = "<group>"; };
		BA9EB25E2A9CDA9400149C46 /* BonusView.swift */ = {isa = PBXFileReference; fileEncoding = 4; lastKnownFileType = sourcecode.swift; path = BonusView.swift; sourceTree = "<group>"; };
		BA9EB25F2A9CDA9400149C46 /* GameOverView.swift */ = {isa = PBXFileReference; fileEncoding = 4; lastKnownFileType = sourcecode.swift; path = GameOverView.swift; sourceTree = "<group>"; };
		BA9EB2602A9CDA9400149C46 /* MenuView.swift */ = {isa = PBXFileReference; fileEncoding = 4; lastKnownFileType = sourcecode.swift; path = MenuView.swift; sourceTree = "<group>"; };
		BA9EB2682A9CDAFF00149C46 /* load.json */ = {isa = PBXFileReference; fileEncoding = 4; lastKnownFileType = text.json; path = load.json; sourceTree = "<group>"; };
		BAA517922AAFBE4A0079E300 /* PlayerShopView.swift */ = {isa = PBXFileReference; lastKnownFileType = sourcecode.swift; path = PlayerShopView.swift; sourceTree = "<group>"; };
		BAB7DA332AB2A119006EC89E /* ShopViewModel.swift */ = {isa = PBXFileReference; lastKnownFileType = sourcecode.swift; path = ShopViewModel.swift; sourceTree = "<group>"; };
		BAB7DA352AB33E78006EC89E /* Castle.swift */ = {isa = PBXFileReference; lastKnownFileType = sourcecode.swift; path = Castle.swift; sourceTree = "<group>"; };
		BAC5515A2AAB20370005226E /* JejuHallasan-Regular.ttf */ = {isa = PBXFileReference; lastKnownFileType = file; path = "JejuHallasan-Regular.ttf"; sourceTree = "<group>"; };
		BAC5515C2AAB204E0005226E /* Info.plist */ = {isa = PBXFileReference; lastKnownFileType = text.plist; path = Info.plist; sourceTree = "<group>"; };
/* End PBXFileReference section */

/* Begin PBXFrameworksBuildPhase section */
		BA9EB2192A9CAFF600149C46 /* Frameworks */ = {
			isa = PBXFrameworksBuildPhase;
			buildActionMask = 2147483647;
			files = (
				BA9EB26C2A9CDB2400149C46 /* Introspect in Frameworks */,
				BA9EB26F2A9CDB9A00149C46 /* Lottie in Frameworks */,
			);
			runOnlyForDeploymentPostprocessing = 0;
		};
/* End PBXFrameworksBuildPhase section */

/* Begin PBXGroup section */
		BA9EB2132A9CAFF600149C46 = {
			isa = PBXGroup;
			children = (
				BA9EB21E2A9CAFF600149C46 /* Sultan */,
				BA9EB21D2A9CAFF600149C46 /* Products */,
			);
			sourceTree = "<group>";
		};
		BA9EB21D2A9CAFF600149C46 /* Products */ = {
			isa = PBXGroup;
			children = (
				BA9EB21C2A9CAFF600149C46 /* Sultan.app */,
			);
			name = Products;
			sourceTree = "<group>";
		};
		BA9EB21E2A9CAFF600149C46 /* Sultan */ = {
			isa = PBXGroup;
			children = (
				BAC5515C2AAB204E0005226E /* Info.plist */,
				BA9EB22C2A9CAFF800149C46 /* Assets.xcassets */,
				BA9EB2572A9CDA8600149C46 /* AppDelegate.swift */,
				BA9EB2382A9CDA6A00149C46 /* Services */,
				BA9EB2432A9CDA7300149C46 /* Resources */,
				BA9EB2522A9CDA8000149C46 /* Game */,
				BA9EB2592A9CDA9400149C46 /* Pages */,
				BA9EB2362A9CDA5900149C46 /* Main.storyboard */,
				BA9EB22E2A9CAFF800149C46 /* LaunchScreen.storyboard */,
			);
			path = Sultan;
			sourceTree = "<group>";
		};
		BA9EB2382A9CDA6A00149C46 /* Services */ = {
			isa = PBXGroup;
			children = (
				BA9EB2392A9CDA6A00149C46 /* SoundPlayer.swift */,
				BA9EB23A2A9CDA6A00149C46 /* UserSavingsService.swift */,
				BA9EB23B2A9CDA6A00149C46 /* Int+withAbbreviations.swift */,
				BA9EB23C2A9CDA6A00149C46 /* ImpactFeedback.swift */,
				BA9EB23D2A9CDA6A00149C46 /* Double+withAbbreviations.swift */,
			);
			path = Services;
			sourceTree = "<group>";
		};
		BA9EB2432A9CDA7300149C46 /* Resources */ = {
			isa = PBXGroup;
			children = (
				BAC5515A2AAB20370005226E /* JejuHallasan-Regular.ttf */,
				BA9EB2442A9CDA7300149C46 /* Inter-Bold.ttf */,
				BA9EB2452A9CDA7300149C46 /* retro-land-mayhem.ttf */,
				BA9EB2462A9CDA7300149C46 /* Gotham Pro Bold.ttf */,
				BA9EB2472A9CDA7300149C46 /* background.mp3 */,
				BA9EB2492A9CDA7300149C46 /* bomb.sks */,
				BA9EB2682A9CDAFF00149C46 /* load.json */,
			);
			path = Resources;
			sourceTree = "<group>";
		};
		BA9EB2522A9CDA8000149C46 /* Game */ = {
			isa = PBXGroup;
			children = (
				BA9EB2532A9CDA8000149C46 /* GameScene.sks */,
				BA9EB2542A9CDA8000149C46 /* GameScene.swift */,
				BAB7DA352AB33E78006EC89E /* Castle.swift */,
			);
			path = Game;
			sourceTree = "<group>";
		};
		BA9EB2592A9CDA9400149C46 /* Pages */ = {
			isa = PBXGroup;
			children = (
				BA9EB25A2A9CDA9400149C46 /* ShopView.swift */,
				BA9EB25B2A9CDA9400149C46 /* SettingsView.swift */,
				BA9EB25C2A9CDA9400149C46 /* GameViewController.swift */,
				BA9EB25D2A9CDA9400149C46 /* LoaderViewController.swift */,
				BA9EB25E2A9CDA9400149C46 /* BonusView.swift */,
				BA9EB25F2A9CDA9400149C46 /* GameOverView.swift */,
				BA9EB2602A9CDA9400149C46 /* MenuView.swift */,
				BAA517922AAFBE4A0079E300 /* PlayerShopView.swift */,
				BAB7DA332AB2A119006EC89E /* ShopViewModel.swift */,
			);
			path = Pages;
			sourceTree = "<group>";
		};
/* End PBXGroup section */

/* Begin PBXNativeTarget section */
		BA9EB21B2A9CAFF600149C46 /* Sultan */ = {
			isa = PBXNativeTarget;
			buildConfigurationList = BA9EB2332A9CAFF800149C46 /* Build configuration list for PBXNativeTarget "Sultan" */;
			buildPhases = (
				BA9EB2182A9CAFF600149C46 /* Sources */,
				BA9EB2192A9CAFF600149C46 /* Frameworks */,
				BA9EB21A2A9CAFF600149C46 /* Resources */,
			);
			buildRules = (
			);
			dependencies = (
			);
			name = Sultan;
			packageProductDependencies = (
				BA9EB26B2A9CDB2400149C46 /* Introspect */,
				BA9EB26E2A9CDB9A00149C46 /* Lottie */,
			);
			productName = Sultan;
			productReference = BA9EB21C2A9CAFF600149C46 /* Sultan.app */;
			productType = "com.apple.product-type.application";
		};
/* End PBXNativeTarget section */

/* Begin PBXProject section */
		BA9EB2142A9CAFF600149C46 /* Project object */ = {
			isa = PBXProject;
			attributes = {
				BuildIndependentTargetsInParallel = 1;
				LastSwiftUpdateCheck = 1430;
				LastUpgradeCheck = 1430;
				TargetAttributes = {
					BA9EB21B2A9CAFF600149C46 = {
						CreatedOnToolsVersion = 14.3;
					};
				};
			};
			buildConfigurationList = BA9EB2172A9CAFF600149C46 /* Build configuration list for PBXProject "Sultan" */;
			compatibilityVersion = "Xcode 14.0";
			developmentRegion = en;
			hasScannedForEncodings = 0;
			knownRegions = (
				en,
				Base,
			);
			mainGroup = BA9EB2132A9CAFF600149C46;
			packageReferences = (
				BA9EB26A2A9CDB2400149C46 /* XCRemoteSwiftPackageReference "SwiftUI-Introspect" */,
				BA9EB26D2A9CDB9A00149C46 /* XCRemoteSwiftPackageReference "lottie-ios" */,
			);
			productRefGroup = BA9EB21D2A9CAFF600149C46 /* Products */;
			projectDirPath = "";
			projectRoot = "";
			targets = (
				BA9EB21B2A9CAFF600149C46 /* Sultan */,
			);
		};
/* End PBXProject section */

/* Begin PBXResourcesBuildPhase section */
		BA9EB21A2A9CAFF600149C46 /* Resources */ = {
			isa = PBXResourcesBuildPhase;
			buildActionMask = 2147483647;
			files = (
				BA9EB2692A9CDAFF00149C46 /* load.json in Resources */,
				BA9EB2372A9CDA5900149C46 /* Main.storyboard in Resources */,
				BA9EB22D2A9CAFF800149C46 /* Assets.xcassets in Resources */,
				BA9EB2502A9CDA7300149C46 /* bomb.sks in Resources */,
				BA9EB2552A9CDA8000149C46 /* GameScene.sks in Resources */,
				BA9EB24B2A9CDA7300149C46 /* Inter-Bold.ttf in Resources */,
				BA9EB24D2A9CDA7300149C46 /* Gotham Pro Bold.ttf in Resources */,
				BA9EB2302A9CAFF800149C46 /* LaunchScreen.storyboard in Resources */,
				BA9EB24E2A9CDA7300149C46 /* background.mp3 in Resources */,
				BAC5515B2AAB20370005226E /* JejuHallasan-Regular.ttf in Resources */,
				BA9EB24C2A9CDA7300149C46 /* retro-land-mayhem.ttf in Resources */,
			);
			runOnlyForDeploymentPostprocessing = 0;
		};
/* End PBXResourcesBuildPhase section */

/* Begin PBXSourcesBuildPhase section */
		BA9EB2182A9CAFF600149C46 /* Sources */ = {
			isa = PBXSourcesBuildPhase;
			buildActionMask = 2147483647;
			files = (
				BA9EB2652A9CDA9400149C46 /* BonusView.swift in Sources */,
				BA9EB2632A9CDA9400149C46 /* GameViewController.swift in Sources */,
				BA9EB2562A9CDA8000149C46 /* GameScene.swift in Sources */,
				BA9EB2642A9CDA9400149C46 /* LoaderViewController.swift in Sources */,
				BAB7DA342AB2A119006EC89E /* ShopViewModel.swift in Sources */,
				BA9EB2422A9CDA6A00149C46 /* Double+withAbbreviations.swift in Sources */,
				BA9EB23F2A9CDA6A00149C46 /* UserSavingsService.swift in Sources */,
				BA9EB2622A9CDA9400149C46 /* SettingsView.swift in Sources */,
				BA9EB2672A9CDA9400149C46 /* MenuView.swift in Sources */,
				BAB7DA362AB33E78006EC89E /* Castle.swift in Sources */,
				BA9EB2402A9CDA6A00149C46 /* Int+withAbbreviations.swift in Sources */,
				BA9EB2582A9CDA8600149C46 /* AppDelegate.swift in Sources */,
				BA9EB2412A9CDA6A00149C46 /* ImpactFeedback.swift in Sources */,
				BA9EB2612A9CDA9400149C46 /* ShopView.swift in Sources */,
				BAA517932AAFBE4A0079E300 /* PlayerShopView.swift in Sources */,
				BA9EB2662A9CDA9400149C46 /* GameOverView.swift in Sources */,
				BA9EB23E2A9CDA6A00149C46 /* SoundPlayer.swift in Sources */,
			);
			runOnlyForDeploymentPostprocessing = 0;
		};
/* End PBXSourcesBuildPhase section */

/* Begin PBXVariantGroup section */
		BA9EB22E2A9CAFF800149C46 /* LaunchScreen.storyboard */ = {
			isa = PBXVariantGroup;
			children = (
				BA9EB22F2A9CAFF800149C46 /* Base */,
			);
			name = LaunchScreen.storyboard;
			sourceTree = "<group>";
		};
/* End PBXVariantGroup section */

/* Begin XCBuildConfiguration section */
		BA9EB2312A9CAFF800149C46 /* Debug */ = {
			isa = XCBuildConfiguration;
			buildSettings = {
				ALWAYS_SEARCH_USER_PATHS = NO;
				CLANG_ANALYZER_NONNULL = YES;
				CLANG_ANALYZER_NUMBER_OBJECT_CONVERSION = YES_AGGRESSIVE;
				CLANG_CXX_LANGUAGE_STANDARD = "gnu++20";
				CLANG_ENABLE_MODULES = YES;
				CLANG_ENABLE_OBJC_ARC = YES;
				CLANG_ENABLE_OBJC_WEAK = YES;
				CLANG_WARN_BLOCK_CAPTURE_AUTORELEASING = YES;
				CLANG_WARN_BOOL_CONVERSION = YES;
				CLANG_WARN_COMMA = YES;
				CLANG_WARN_CONSTANT_CONVERSION = YES;
				CLANG_WARN_DEPRECATED_OBJC_IMPLEMENTATIONS = YES;
				CLANG_WARN_DIRECT_OBJC_ISA_USAGE = YES_ERROR;
				CLANG_WARN_DOCUMENTATION_COMMENTS = YES;
				CLANG_WARN_EMPTY_BODY = YES;
				CLANG_WARN_ENUM_CONVERSION = YES;
				CLANG_WARN_INFINITE_RECURSION = YES;
				CLANG_WARN_INT_CONVERSION = YES;
				CLANG_WARN_NON_LITERAL_NULL_CONVERSION = YES;
				CLANG_WARN_OBJC_IMPLICIT_RETAIN_SELF = YES;
				CLANG_WARN_OBJC_LITERAL_CONVERSION = YES;
				CLANG_WARN_OBJC_ROOT_CLASS = YES_ERROR;
				CLANG_WARN_QUOTED_INCLUDE_IN_FRAMEWORK_HEADER = YES;
				CLANG_WARN_RANGE_LOOP_ANALYSIS = YES;
				CLANG_WARN_STRICT_PROTOTYPES = YES;
				CLANG_WARN_SUSPICIOUS_MOVE = YES;
				CLANG_WARN_UNGUARDED_AVAILABILITY = YES_AGGRESSIVE;
				CLANG_WARN_UNREACHABLE_CODE = YES;
				CLANG_WARN__DUPLICATE_METHOD_MATCH = YES;
				COPY_PHASE_STRIP = NO;
				DEBUG_INFORMATION_FORMAT = dwarf;
				ENABLE_STRICT_OBJC_MSGSEND = YES;
				ENABLE_TESTABILITY = YES;
				GCC_C_LANGUAGE_STANDARD = gnu11;
				GCC_DYNAMIC_NO_PIC = NO;
				GCC_NO_COMMON_BLOCKS = YES;
				GCC_OPTIMIZATION_LEVEL = 0;
				GCC_PREPROCESSOR_DEFINITIONS = (
					"DEBUG=1",
					"$(inherited)",
				);
				GCC_WARN_64_TO_32_BIT_CONVERSION = YES;
				GCC_WARN_ABOUT_RETURN_TYPE = YES_ERROR;
				GCC_WARN_UNDECLARED_SELECTOR = YES;
				GCC_WARN_UNINITIALIZED_AUTOS = YES_AGGRESSIVE;
				GCC_WARN_UNUSED_FUNCTION = YES;
				GCC_WARN_UNUSED_VARIABLE = YES;
				IPHONEOS_DEPLOYMENT_TARGET = 16.4;
				MTL_ENABLE_DEBUG_INFO = INCLUDE_SOURCE;
				MTL_FAST_MATH = YES;
				ONLY_ACTIVE_ARCH = YES;
				SDKROOT = iphoneos;
				SWIFT_ACTIVE_COMPILATION_CONDITIONS = DEBUG;
				SWIFT_OPTIMIZATION_LEVEL = "-Onone";
			};
			name = Debug;
		};
		BA9EB2322A9CAFF800149C46 /* Release */ = {
			isa = XCBuildConfiguration;
			buildSettings = {
				ALWAYS_SEARCH_USER_PATHS = NO;
				CLANG_ANALYZER_NONNULL = YES;
				CLANG_ANALYZER_NUMBER_OBJECT_CONVERSION = YES_AGGRESSIVE;
				CLANG_CXX_LANGUAGE_STANDARD = "gnu++20";
				CLANG_ENABLE_MODULES = YES;
				CLANG_ENABLE_OBJC_ARC = YES;
				CLANG_ENABLE_OBJC_WEAK = YES;
				CLANG_WARN_BLOCK_CAPTURE_AUTORELEASING = YES;
				CLANG_WARN_BOOL_CONVERSION = YES;
				CLANG_WARN_COMMA = YES;
				CLANG_WARN_CONSTANT_CONVERSION = YES;
				CLANG_WARN_DEPRECATED_OBJC_IMPLEMENTATIONS = YES;
				CLANG_WARN_DIRECT_OBJC_ISA_USAGE = YES_ERROR;
				CLANG_WARN_DOCUMENTATION_COMMENTS = YES;
				CLANG_WARN_EMPTY_BODY = YES;
				CLANG_WARN_ENUM_CONVERSION = YES;
				CLANG_WARN_INFINITE_RECURSION = YES;
				CLANG_WARN_INT_CONVERSION = YES;
				CLANG_WARN_NON_LITERAL_NULL_CONVERSION = YES;
				CLANG_WARN_OBJC_IMPLICIT_RETAIN_SELF = YES;
				CLANG_WARN_OBJC_LITERAL_CONVERSION = YES;
				CLANG_WARN_OBJC_ROOT_CLASS = YES_ERROR;
				CLANG_WARN_QUOTED_INCLUDE_IN_FRAMEWORK_HEADER = YES;
				CLANG_WARN_RANGE_LOOP_ANALYSIS = YES;
				CLANG_WARN_STRICT_PROTOTYPES = YES;
				CLANG_WARN_SUSPICIOUS_MOVE = YES;
				CLANG_WARN_UNGUARDED_AVAILABILITY = YES_AGGRESSIVE;
				CLANG_WARN_UNREACHABLE_CODE = YES;
				CLANG_WARN__DUPLICATE_METHOD_MATCH = YES;
				COPY_PHASE_STRIP = NO;
				DEBUG_INFORMATION_FORMAT = "dwarf-with-dsym";
				ENABLE_NS_ASSERTIONS = NO;
				ENABLE_STRICT_OBJC_MSGSEND = YES;
				GCC_C_LANGUAGE_STANDARD = gnu11;
				GCC_NO_COMMON_BLOCKS = YES;
				GCC_WARN_64_TO_32_BIT_CONVERSION = YES;
				GCC_WARN_ABOUT_RETURN_TYPE = YES_ERROR;
				GCC_WARN_UNDECLARED_SELECTOR = YES;
				GCC_WARN_UNINITIALIZED_AUTOS = YES_AGGRESSIVE;
				GCC_WARN_UNUSED_FUNCTION = YES;
				GCC_WARN_UNUSED_VARIABLE = YES;
				IPHONEOS_DEPLOYMENT_TARGET = 16.4;
				MTL_ENABLE_DEBUG_INFO = NO;
				MTL_FAST_MATH = YES;
				SDKROOT = iphoneos;
				SWIFT_COMPILATION_MODE = wholemodule;
				SWIFT_OPTIMIZATION_LEVEL = "-O";
				VALIDATE_PRODUCT = YES;
			};
			name = Release;
		};
		BA9EB2342A9CAFF800149C46 /* Debug */ = {
			isa = XCBuildConfiguration;
			buildSettings = {
				ASSETCATALOG_COMPILER_APPICON_NAME = AppIcon;
				ASSETCATALOG_COMPILER_GLOBAL_ACCENT_COLOR_NAME = AccentColor;
				CODE_SIGN_STYLE = Automatic;
				CURRENT_PROJECT_VERSION = 1;
				DEVELOPMENT_TEAM = M95CCRL636;
				GENERATE_INFOPLIST_FILE = YES;
				INFOPLIST_FILE = Sultan/Info.plist;
				INFOPLIST_KEY_UIApplicationSupportsIndirectInputEvents = YES;
				INFOPLIST_KEY_UILaunchStoryboardName = LaunchScreen;
				INFOPLIST_KEY_UIMainStoryboardFile = Main;
				INFOPLIST_KEY_UIStatusBarHidden = YES;
				INFOPLIST_KEY_UISupportedInterfaceOrientations_iPad = "UIInterfaceOrientationPortrait UIInterfaceOrientationPortraitUpsideDown UIInterfaceOrientationLandscapeLeft UIInterfaceOrientationLandscapeRight";
				INFOPLIST_KEY_UISupportedInterfaceOrientations_iPhone = "UIInterfaceOrientationPortrait UIInterfaceOrientationLandscapeLeft UIInterfaceOrientationLandscapeRight";
				IPHONEOS_DEPLOYMENT_TARGET = 15.0;
				LD_RUNPATH_SEARCH_PATHS = (
					"$(inherited)",
					"@executable_path/Frameworks",
				);
				MARKETING_VERSION = 1.0;
				PRODUCT_BUNDLE_IDENTIFIER = com.pfriedrix.Sultan;
				PRODUCT_NAME = "$(TARGET_NAME)";
				SUPPORTED_PLATFORMS = "iphoneos iphonesimulator";
				SUPPORTS_MACCATALYST = NO;
				SUPPORTS_MAC_DESIGNED_FOR_IPHONE_IPAD = NO;
				SWIFT_EMIT_LOC_STRINGS = YES;
				SWIFT_VERSION = 5.0;
				TARGETED_DEVICE_FAMILY = 1;
			};
			name = Debug;
		};
		BA9EB2352A9CAFF800149C46 /* Release */ = {
			isa = XCBuildConfiguration;
			buildSettings = {
				ASSETCATALOG_COMPILER_APPICON_NAME = AppIcon;
				ASSETCATALOG_COMPILER_GLOBAL_ACCENT_COLOR_NAME = AccentColor;
				CODE_SIGN_STYLE = Automatic;
				CURRENT_PROJECT_VERSION = 1;
				DEVELOPMENT_TEAM = M95CCRL636;
				GENERATE_INFOPLIST_FILE = YES;
				INFOPLIST_FILE = Sultan/Info.plist;
				INFOPLIST_KEY_UIApplicationSupportsIndirectInputEvents = YES;
				INFOPLIST_KEY_UILaunchStoryboardName = LaunchScreen;
				INFOPLIST_KEY_UIMainStoryboardFile = Main;
				INFOPLIST_KEY_UIStatusBarHidden = YES;
				INFOPLIST_KEY_UISupportedInterfaceOrientations_iPad = "UIInterfaceOrientationPortrait UIInterfaceOrientationPortraitUpsideDown UIInterfaceOrientationLandscapeLeft UIInterfaceOrientationLandscapeRight";
				INFOPLIST_KEY_UISupportedInterfaceOrientations_iPhone = "UIInterfaceOrientationPortrait UIInterfaceOrientationLandscapeLeft UIInterfaceOrientationLandscapeRight";
				IPHONEOS_DEPLOYMENT_TARGET = 15.0;
				LD_RUNPATH_SEARCH_PATHS = (
					"$(inherited)",
					"@executable_path/Frameworks",
				);
				MARKETING_VERSION = 1.0;
				PRODUCT_BUNDLE_IDENTIFIER = com.pfriedrix.Sultan;
				PRODUCT_NAME = "$(TARGET_NAME)";
				SUPPORTED_PLATFORMS = "iphoneos iphonesimulator";
				SUPPORTS_MACCATALYST = NO;
				SUPPORTS_MAC_DESIGNED_FOR_IPHONE_IPAD = NO;
				SWIFT_EMIT_LOC_STRINGS = YES;
				SWIFT_VERSION = 5.0;
				TARGETED_DEVICE_FAMILY = 1;
			};
			name = Release;
		};
/* End XCBuildConfiguration section */

/* Begin XCConfigurationList section */
		BA9EB2172A9CAFF600149C46 /* Build configuration list for PBXProject "Sultan" */ = {
			isa = XCConfigurationList;
			buildConfigurations = (
				BA9EB2312A9CAFF800149C46 /* Debug */,
				BA9EB2322A9CAFF800149C46 /* Release */,
			);
			defaultConfigurationIsVisible = 0;
			defaultConfigurationName = Release;
		};
		BA9EB2332A9CAFF800149C46 /* Build configuration list for PBXNativeTarget "Sultan" */ = {
			isa = XCConfigurationList;
			buildConfigurations = (
				BA9EB2342A9CAFF800149C46 /* Debug */,
				BA9EB2352A9CAFF800149C46 /* Release */,
			);
			defaultConfigurationIsVisible = 0;
			defaultConfigurationName = Release;
		};
/* End XCConfigurationList section */

/* Begin XCRemoteSwiftPackageReference section */
		BA9EB26A2A9CDB2400149C46 /* XCRemoteSwiftPackageReference "SwiftUI-Introspect" */ = {
			isa = XCRemoteSwiftPackageReference;
			repositoryURL = "https://github.com/siteline/SwiftUI-Introspect";
			requirement = {
				kind = upToNextMajorVersion;
				minimumVersion = 0.11.1;
			};
		};
		BA9EB26D2A9CDB9A00149C46 /* XCRemoteSwiftPackageReference "lottie-ios" */ = {
			isa = XCRemoteSwiftPackageReference;
			repositoryURL = "https://github.com/airbnb/lottie-ios";
			requirement = {
				kind = upToNextMajorVersion;
				minimumVersion = 4.0.0;
			};
		};
/* End XCRemoteSwiftPackageReference section */

/* Begin XCSwiftPackageProductDependency section */
		BA9EB26B2A9CDB2400149C46 /* Introspect */ = {
			isa = XCSwiftPackageProductDependency;
			package = BA9EB26A2A9CDB2400149C46 /* XCRemoteSwiftPackageReference "SwiftUI-Introspect" */;
			productName = Introspect;
		};
		BA9EB26E2A9CDB9A00149C46 /* Lottie */ = {
			isa = XCSwiftPackageProductDependency;
			package = BA9EB26D2A9CDB9A00149C46 /* XCRemoteSwiftPackageReference "lottie-ios" */;
			productName = Lottie;
		};
/* End XCSwiftPackageProductDependency section */
	};
	rootObject = BA9EB2142A9CAFF600149C46 /* Project object */;
}
